
Microsoft Visual Studio Solution File, Format Version 12.00
# Visual Studio Version 17
VisualStudioVersion = 17.2.32630.192
MinimumVisualStudioVersion = 10.0.40219.1
Project("{9A19103F-16F7-4668-BE54-9A1E7A4F7556}") = "UserControls", "UserControls\UserControls.csproj", "{65FEF2C1-B240-437E-AFE9-49F712C8A7F0}"
EndProject
Project("{FAE04EC0-301F-11D3-BF4B-00C04F79EFBC}") = "TestUserControls", "TestUserControls\TestUserControls.csproj", "{3EBAC3A4-6CBD-45C0-8450-56FD3BC459EF}"
EndProject
Global
	GlobalSection(SolutionConfigurationPlatforms) = preSolution
		Debug|Any CPU = Debug|Any CPU
		Release|Any CPU = Release|Any CPU
	EndGlobalSection
	GlobalSection(ProjectConfigurationPlatforms) = postSolution
		{65FEF2C1-B240-437E-AFE9-49F712C8A7F0}.Debug|Any CPU.ActiveCfg = Debug|Any CPU
		{65FEF2C1-B240-437E-AFE9-49F712C8A7F0}.Debug|Any CPU.Build.0 = Debug|Any CPU
		{65FEF2C1-B240-437E-AFE9-49F712C8A7F0}.Release|Any CPU.ActiveCfg = Release|Any CPU
		{65FEF2C1-B240-437E-AFE9-49F712C8A7F0}.Release|Any CPU.Build.0 = Release|Any CPU
		{3EBAC3A4-6CBD-45C0-8450-56FD3BC459EF}.Debug|Any CPU.ActiveCfg = Debug|Any CPU
		{3EBAC3A4-6CBD-45C0-8450-56FD3BC459EF}.Debug|Any CPU.Build.0 = Debug|Any CPU
		{3EBAC3A4-6CBD-45C0-8450-56FD3BC459EF}.Release|Any CPU.ActiveCfg = Release|Any CPU
		{3EBAC3A4-6CBD-45C0-8450-56FD3BC459EF}.Release|Any CPU.Build.0 = Release|Any CPU
	EndGlobalSection
	GlobalSection(SolutionProperties) = preSolution
		HideSolutionNode = FALSE
	EndGlobalSection
	GlobalSection(ExtensibilityGlobals) = postSolution
		SolutionGuid = {D594F510-BE08-4AE6-968A-51EB2A80B7C7}
	EndGlobalSection
EndGlobal
